{
  "name": "prototipo",
  "version": "0.1.0",
  "lockfileVersion": 3,
  "requires": true,
  "packages": {
    "": {
      "name": "prototipo",
      "version": "0.1.0",
      "license": "ISC",
      "dependencies": {
        "csvtexttools": "^1.1.2"
      },
      "devDependencies": {
        "papaparse": "^5.4.1"
      }
    },
    "node_modules/csvtexttools": {
      "version": "1.1.2",
      "resolved": "https://registry.npmjs.org/csvtexttools/-/csvtexttools-1.1.2.tgz",
      "integrity": "sha512-J/6QSUT3wfszLzn4k0gkB8ZFAVQF4PSKUpEUPkU3uVy+A8a9gJbdi/gaSU+ZxZeSLXaSSVY+kKyFzKU8p/CKlg=="
    },
    "node_modules/papaparse": {
      "version": "5.4.1",
      "resolved": "https://registry.npmjs.org/papaparse/-/papaparse-5.4.1.tgz",
      "integrity": "sha512-HipMsgJkZu8br23pW15uvo6sib6wne/4woLZPlFf3rpDyMe9ywEXUsuD7+6K9PRkJlVT51j/sCOYDKGGS3ZJrw==",
      "dev": true
    }
  }
}
